hash: 90db3550760548ba6cac325f665c4ce843a9654ba3889b33af8370c7a7e16e52
updated: 2018-03-07T23:43:21.298386887Z
imports:
- name: github.com/mattn/go-gtk
  version: 5a311a1830abecc430a6a598b24094f69d907e96
  subpackages:
  - glib
- name: github.com/mqu/go-notify
  version: ef6f6f49d093be44ff1ec9879b1a7173b8bce2c6
- name: github.com/simplereach/timeutils
  version: 1a719258b86a08630289b86902ab16817ba641e9
- name: gopkg.in/mgo.v2
  version: 3f83fa5005286a7fe593b055f0d7771a7dce4655
  subpackages:
  - bson
  - internal/json
testImports: []
